// !$*UTF8*$!
{
	archiveVersion = 1;
	classes = {
	};
	objectVersion = 56;
	objects = {

/* Begin PBXBuildFile section */
		A0464909295C1B4300CAEF79 /* FruitRowView.swift in Sources */ = {isa = PBXBuildFile; fileRef = A0464908295C1B4300CAEF79 /* FruitRowView.swift */; };
		A047D4C7292BB3080035C67E /* FructusApp.swift in Sources */ = {isa = PBXBuildFile; fileRef = A047D4C6292BB3080035C67E /* FructusApp.swift */; };
		A047D4C9292BB3080035C67E /* ContentView.swift in Sources */ = {isa = PBXBuildFile; fileRef = A047D4C8292BB3080035C67E /* ContentView.swift */; };
		A047D4CB292BB3090035C67E /* Assets.xcassets in Resources */ = {isa = PBXBuildFile; fileRef = A047D4CA292BB3090035C67E /* Assets.xcassets */; };
		A047D4CE292BB3090035C67E /* Preview Assets.xcassets in Resources */ = {isa = PBXBuildFile; fileRef = A047D4CD292BB3090035C67E /* Preview Assets.xcassets */; };
		A047D4D7292CFC930035C67E /* FruitCardView.swift in Sources */ = {isa = PBXBuildFile; fileRef = A047D4D6292CFC930035C67E /* FruitCardView.swift */; };
		A047D4D9292D013B0035C67E /* StartButtonView.swift in Sources */ = {isa = PBXBuildFile; fileRef = A047D4D8292D013B0035C67E /* StartButtonView.swift */; };
		A047D4DB292D04EA0035C67E /* OnboardingView.swift in Sources */ = {isa = PBXBuildFile; fileRef = A047D4DA292D04EA0035C67E /* OnboardingView.swift */; };
		A047D4DE292D0F2F0035C67E /* FruitModel.swift in Sources */ = {isa = PBXBuildFile; fileRef = A047D4DD292D0F2F0035C67E /* FruitModel.swift */; };
		A047D4E1292D32630035C67E /* FruitData.swift in Sources */ = {isa = PBXBuildFile; fileRef = A047D4E0292D32630035C67E /* FruitData.swift */; };
		A0BD0892298C0694000A21E3 /* SettingsView.swift in Sources */ = {isa = PBXBuildFile; fileRef = A0BD0891298C0694000A21E3 /* SettingsView.swift */; };
		A0BD0894298CEC86000A21E3 /* SettingsLabelView.swift in Sources */ = {isa = PBXBuildFile; fileRef = A0BD0893298CEC86000A21E3 /* SettingsLabelView.swift */; };
		A0BD0897298CF344000A21E3 /* SettingsRowView.swift in Sources */ = {isa = PBXBuildFile; fileRef = A0BD0896298CF344000A21E3 /* SettingsRowView.swift */; };
		A0ECD9DD29866793000E16EE /* FruitDetailView.swift in Sources */ = {isa = PBXBuildFile; fileRef = A0ECD9DC29866793000E16EE /* FruitDetailView.swift */; };
		A0ECD9DF29867012000E16EE /* FruitHeaderView.swift in Sources */ = {isa = PBXBuildFile; fileRef = A0ECD9DE29867012000E16EE /* FruitHeaderView.swift */; };
		A0ECD9E1298673A2000E16EE /* SourceLinkView.swift in Sources */ = {isa = PBXBuildFile; fileRef = A0ECD9E0298673A2000E16EE /* SourceLinkView.swift */; };
		A0ECD9E529867724000E16EE /* FruitNutrientsView.swift in Sources */ = {isa = PBXBuildFile; fileRef = A0ECD9E429867724000E16EE /* FruitNutrientsView.swift */; };
/* End PBXBuildFile section */

/* Begin PBXFileReference section */
		A0464908295C1B4300CAEF79 /* FruitRowView.swift */ = {isa = PBXFileReference; lastKnownFileType = sourcecode.swift; path = FruitRowView.swift; sourceTree = "<group>"; };
		A047D4C3292BB3080035C67E /* Fructus.app */ = {isa = PBXFileReference; explicitFileType = wrapper.application; includeInIndex = 0; path = Fructus.app; sourceTree = BUILT_PRODUCTS_DIR; };
		A047D4C6292BB3080035C67E /* FructusApp.swift */ = {isa = PBXFileReference; lastKnownFileType = sourcecode.swift; path = FructusApp.swift; sourceTree = "<group>"; };
		A047D4C8292BB3080035C67E /* ContentView.swift */ = {isa = PBXFileReference; lastKnownFileType = sourcecode.swift; path = ContentView.swift; sourceTree = "<group>"; };
		A047D4CA292BB3090035C67E /* Assets.xcassets */ = {isa = PBXFileReference; lastKnownFileType = folder.assetcatalog; path = Assets.xcassets; sourceTree = "<group>"; };
		A047D4CD292BB3090035C67E /* Preview Assets.xcassets */ = {isa = PBXFileReference; lastKnownFileType = folder.assetcatalog; path = "Preview Assets.xcassets"; sourceTree = "<group>"; };
		A047D4D6292CFC930035C67E /* FruitCardView.swift */ = {isa = PBXFileReference; lastKnownFileType = sourcecode.swift; path = FruitCardView.swift; sourceTree = "<group>"; };
		A047D4D8292D013B0035C67E /* StartButtonView.swift */ = {isa = PBXFileReference; lastKnownFileType = sourcecode.swift; path = StartButtonView.swift; sourceTree = "<group>"; };
		A047D4DA292D04EA0035C67E /* OnboardingView.swift */ = {isa = PBXFileReference; lastKnownFileType = sourcecode.swift; path = OnboardingView.swift; sourceTree = "<group>"; };
		A047D4DD292D0F2F0035C67E /* FruitModel.swift */ = {isa = PBXFileReference; lastKnownFileType = sourcecode.swift; path = FruitModel.swift; sourceTree = "<group>"; };
		A047D4E0292D32630035C67E /* FruitData.swift */ = {isa = PBXFileReference; lastKnownFileType = sourcecode.swift; path = FruitData.swift; sourceTree = "<group>"; };
		A0BD0891298C0694000A21E3 /* SettingsView.swift */ = {isa = PBXFileReference; lastKnownFileType = sourcecode.swift; path = SettingsView.swift; sourceTree = "<group>"; };
		A0BD0893298CEC86000A21E3 /* SettingsLabelView.swift */ = {isa = PBXFileReference; lastKnownFileType = sourcecode.swift; path = SettingsLabelView.swift; sourceTree = "<group>"; };
		A0BD0896298CF344000A21E3 /* SettingsRowView.swift */ = {isa = PBXFileReference; lastKnownFileType = sourcecode.swift; path = SettingsRowView.swift; sourceTree = "<group>"; };
		A0ECD9DC29866793000E16EE /* FruitDetailView.swift */ = {isa = PBXFileReference; lastKnownFileType = sourcecode.swift; path = FruitDetailView.swift; sourceTree = "<group>"; };
		A0ECD9DE29867012000E16EE /* FruitHeaderView.swift */ = {isa = PBXFileReference; lastKnownFileType = sourcecode.swift; path = FruitHeaderView.swift; sourceTree = "<group>"; };
		A0ECD9E0298673A2000E16EE /* SourceLinkView.swift */ = {isa = PBXFileReference; lastKnownFileType = sourcecode.swift; path = SourceLinkView.swift; sourceTree = "<group>"; };
		A0ECD9E429867724000E16EE /* FruitNutrientsView.swift */ = {isa = PBXFileReference; lastKnownFileType = sourcecode.swift; path = FruitNutrientsView.swift; sourceTree = "<group>"; };
/* End PBXFileReference section */

/* Begin PBXFrameworksBuildPhase section */
		A047D4C0292BB3080035C67E /* Frameworks */ = {
			isa = PBXFrameworksBuildPhase;
			buildActionMask = 2147483647;
			files = (
			);
			runOnlyForDeploymentPostprocessing = 0;
		};
/* End PBXFrameworksBuildPhase section */

/* Begin PBXGroup section */
		A047D4BA292BB3080035C67E = {
			isa = PBXGroup;
			children = (
				A047D4C5292BB3080035C67E /* Fructus */,
				A047D4C4292BB3080035C67E /* Products */,
			);
			sourceTree = "<group>";
		};
		A047D4C4292BB3080035C67E /* Products */ = {
			isa = PBXGroup;
			children = (
				A047D4C3292BB3080035C67E /* Fructus.app */,
			);
			name = Products;
			sourceTree = "<group>";
		};
		A047D4C5292BB3080035C67E /* Fructus */ = {
			isa = PBXGroup;
			children = (
				A047D4DF292D324F0035C67E /* Data */,
				A047D4DC292D0F0D0035C67E /* Model */,
				A047D4D5292CFC670035C67E /* View */,
				A047D4D4292CFC2C0035C67E /* App */,
				A047D4CA292BB3090035C67E /* Assets.xcassets */,
				A047D4CC292BB3090035C67E /* Preview Content */,
			);
			path = Fructus;
			sourceTree = "<group>";
		};
		A047D4CC292BB3090035C67E /* Preview Content */ = {
			isa = PBXGroup;
			children = (
				A047D4CD292BB3090035C67E /* Preview Assets.xcassets */,
			);
			path = "Preview Content";
			sourceTree = "<group>";
		};
		A047D4D4292CFC2C0035C67E /* App */ = {
			isa = PBXGroup;
			children = (
				A047D4C6292BB3080035C67E /* FructusApp.swift */,
				A047D4C8292BB3080035C67E /* ContentView.swift */,
				A047D4DA292D04EA0035C67E /* OnboardingView.swift */,
				A0ECD9DC29866793000E16EE /* FruitDetailView.swift */,
			);
			path = App;
			sourceTree = "<group>";
		};
		A047D4D5292CFC670035C67E /* View */ = {
			isa = PBXGroup;
			children = (
				A0ECD9DE29867012000E16EE /* FruitHeaderView.swift */,
				A0464908295C1B4300CAEF79 /* FruitRowView.swift */,
				A0ECD9E429867724000E16EE /* FruitNutrientsView.swift */,
				A0ECD9E0298673A2000E16EE /* SourceLinkView.swift */,
				A0BD0893298CEC86000A21E3 /* SettingsLabelView.swift */,
				A047D4D8292D013B0035C67E /* StartButtonView.swift */,
				A0BD0891298C0694000A21E3 /* SettingsView.swift */,
				A047D4D6292CFC930035C67E /* FruitCardView.swift */,
				A0BD0896298CF344000A21E3 /* SettingsRowView.swift */,
			);
			path = View;
			sourceTree = "<group>";
		};
		A047D4DC292D0F0D0035C67E /* Model */ = {
			isa = PBXGroup;
			children = (
				A047D4DD292D0F2F0035C67E /* FruitModel.swift */,
			);
			path = Model;
			sourceTree = "<group>";
		};
		A047D4DF292D324F0035C67E /* Data */ = {
			isa = PBXGroup;
			children = (
				A047D4E0292D32630035C67E /* FruitData.swift */,
			);
			path = Data;
			sourceTree = "<group>";
		};
/* End PBXGroup section */

/* Begin PBXNativeTarget section */
		A047D4C2292BB3080035C67E /* Fructus */ = {
			isa = PBXNativeTarget;
			buildConfigurationList = A047D4D1292BB3090035C67E /* Build configuration list for PBXNativeTarget "Fructus" */;
			buildPhases = (
				A047D4BF292BB3080035C67E /* Sources */,
				A047D4C0292BB3080035C67E /* Frameworks */,
				A047D4C1292BB3080035C67E /* Resources */,
			);
			buildRules = (
			);
			dependencies = (
			);
			name = Fructus;
			productName = Fructus;
			productReference = A047D4C3292BB3080035C67E /* Fructus.app */;
			productType = "com.apple.product-type.application";
		};
/* End PBXNativeTarget section */

/* Begin PBXProject section */
		A047D4BB292BB3080035C67E /* Project object */ = {
			isa = PBXProject;
			attributes = {
				BuildIndependentTargetsInParallel = 1;
				LastSwiftUpdateCheck = 1410;
				LastUpgradeCheck = 1410;
				TargetAttributes = {
					A047D4C2292BB3080035C67E = {
						CreatedOnToolsVersion = 14.1;
					};
				};
			};
			buildConfigurationList = A047D4BE292BB3080035C67E /* Build configuration list for PBXProject "Fructus" */;
			compatibilityVersion = "Xcode 14.0";
			developmentRegion = en;
			hasScannedForEncodings = 0;
			knownRegions = (
				en,
				Base,
			);
			mainGroup = A047D4BA292BB3080035C67E;
			productRefGroup = A047D4C4292BB3080035C67E /* Products */;
			projectDirPath = "";
			projectRoot = "";
			targets = (
				A047D4C2292BB3080035C67E /* Fructus */,
			);
		};
/* End PBXProject section */

/* Begin PBXResourcesBuildPhase section */
		A047D4C1292BB3080035C67E /* Resources */ = {
			isa = PBXResourcesBuildPhase;
			buildActionMask = 2147483647;
			files = (
				A047D4CE292BB3090035C67E /* Preview Assets.xcassets in Resources */,
				A047D4CB292BB3090035C67E /* Assets.xcassets in Resources */,
			);
			runOnlyForDeploymentPostprocessing = 0;
		};
/* End PBXResourcesBuildPhase section */

/* Begin PBXSourcesBuildPhase section */
		A047D4BF292BB3080035C67E /* Sources */ = {
			isa = PBXSourcesBuildPhase;
			buildActionMask = 2147483647;
			files = (
				A047D4E1292D32630035C67E /* FruitData.swift in Sources */,
				A0ECD9E1298673A2000E16EE /* SourceLinkView.swift in Sources */,
				A0BD0897298CF344000A21E3 /* SettingsRowView.swift in Sources */,
				A047D4C9292BB3080035C67E /* ContentView.swift in Sources */,
				A0464909295C1B4300CAEF79 /* FruitRowView.swift in Sources */,
				A0ECD9E529867724000E16EE /* FruitNutrientsView.swift in Sources */,
				A047D4D9292D013B0035C67E /* StartButtonView.swift in Sources */,
				A0ECD9DD29866793000E16EE /* FruitDetailView.swift in Sources */,
				A047D4C7292BB3080035C67E /* FructusApp.swift in Sources */,
				A0ECD9DF29867012000E16EE /* FruitHeaderView.swift in Sources */,
				A047D4DB292D04EA0035C67E /* OnboardingView.swift in Sources */,
				A0BD0894298CEC86000A21E3 /* SettingsLabelView.swift in Sources */,
				A047D4DE292D0F2F0035C67E /* FruitModel.swift in Sources */,
				A047D4D7292CFC930035C67E /* FruitCardView.swift in Sources */,
				A0BD0892298C0694000A21E3 /* SettingsView.swift in Sources */,
			);
			runOnlyForDeploymentPostprocessing = 0;
		};
/* End PBXSourcesBuildPhase section */

/* Begin XCBuildConfiguration section */
		A047D4CF292BB3090035C67E /* Debug */ = {
			isa = XCBuildConfiguration;
			buildSettings = {
				ALWAYS_SEARCH_USER_PATHS = NO;
				CLANG_ANALYZER_NONNULL = YES;
				CLANG_ANALYZER_NUMBER_OBJECT_CONVERSION = YES_AGGRESSIVE;
				CLANG_CXX_LANGUAGE_STANDARD = "gnu++20";
				CLANG_ENABLE_MODULES = YES;
				CLANG_ENABLE_OBJC_ARC = YES;
				CLANG_ENABLE_OBJC_WEAK = YES;
				CLANG_WARN_BLOCK_CAPTURE_AUTORELEASING = YES;
				CLANG_WARN_BOOL_CONVERSION = YES;
				CLANG_WARN_COMMA = YES;
				CLANG_WARN_CONSTANT_CONVERSION = YES;
				CLANG_WARN_DEPRECATED_OBJC_IMPLEMENTATIONS = YES;
				CLANG_WARN_DIRECT_OBJC_ISA_USAGE = YES_ERROR;
				CLANG_WARN_DOCUMENTATION_COMMENTS = YES;
				CLANG_WARN_EMPTY_BODY = YES;
				CLANG_WARN_ENUM_CONVERSION = YES;
				CLANG_WARN_INFINITE_RECURSION = YES;
				CLANG_WARN_INT_CONVERSION = YES;
				CLANG_WARN_NON_LITERAL_NULL_CONVERSION = YES;
				CLANG_WARN_OBJC_IMPLICIT_RETAIN_SELF = YES;
				CLANG_WARN_OBJC_LITERAL_CONVERSION = YES;
				CLANG_WARN_OBJC_ROOT_CLASS = YES_ERROR;
				CLANG_WARN_QUOTED_INCLUDE_IN_FRAMEWORK_HEADER = YES;
				CLANG_WARN_RANGE_LOOP_ANALYSIS = YES;
				CLANG_WARN_STRICT_PROTOTYPES = YES;
				CLANG_WARN_SUSPICIOUS_MOVE = YES;
				CLANG_WARN_UNGUARDED_AVAILABILITY = YES_AGGRESSIVE;
				CLANG_WARN_UNREACHABLE_CODE = YES;
				CLANG_WARN__DUPLICATE_METHOD_MATCH = YES;
				COPY_PHASE_STRIP = NO;
				DEBUG_INFORMATION_FORMAT = dwarf;
				ENABLE_STRICT_OBJC_MSGSEND = YES;
				ENABLE_TESTABILITY = YES;
				GCC_C_LANGUAGE_STANDARD = gnu11;
				GCC_DYNAMIC_NO_PIC = NO;
				GCC_NO_COMMON_BLOCKS = YES;
				GCC_OPTIMIZATION_LEVEL = 0;
				GCC_PREPROCESSOR_DEFINITIONS = (
					"DEBUG=1",
					"$(inherited)",
				);
				GCC_WARN_64_TO_32_BIT_CONVERSION = YES;
				GCC_WARN_ABOUT_RETURN_TYPE = YES_ERROR;
				GCC_WARN_UNDECLARED_SELECTOR = YES;
				GCC_WARN_UNINITIALIZED_AUTOS = YES_AGGRESSIVE;
				GCC_WARN_UNUSED_FUNCTION = YES;
				GCC_WARN_UNUSED_VARIABLE = YES;
				IPHONEOS_DEPLOYMENT_TARGET = 16.1;
				MTL_ENABLE_DEBUG_INFO = INCLUDE_SOURCE;
				MTL_FAST_MATH = YES;
				ONLY_ACTIVE_ARCH = YES;
				SDKROOT = iphoneos;
				SWIFT_ACTIVE_COMPILATION_CONDITIONS = DEBUG;
				SWIFT_OPTIMIZATION_LEVEL = "-Onone";
			};
			name = Debug;
		};
		A047D4D0292BB3090035C67E /* Release */ = {
			isa = XCBuildConfiguration;
			buildSettings = {
				ALWAYS_SEARCH_USER_PATHS = NO;
				CLANG_ANALYZER_NONNULL = YES;
				CLANG_ANALYZER_NUMBER_OBJECT_CONVERSION = YES_AGGRESSIVE;
				CLANG_CXX_LANGUAGE_STANDARD = "gnu++20";
				CLANG_ENABLE_MODULES = YES;
				CLANG_ENABLE_OBJC_ARC = YES;
				CLANG_ENABLE_OBJC_WEAK = YES;
				CLANG_WARN_BLOCK_CAPTURE_AUTORELEASING = YES;
				CLANG_WARN_BOOL_CONVERSION = YES;
				CLANG_WARN_COMMA = YES;
				CLANG_WARN_CONSTANT_CONVERSION = YES;
				CLANG_WARN_DEPRECATED_OBJC_IMPLEMENTATIONS = YES;
				CLANG_WARN_DIRECT_OBJC_ISA_USAGE = YES_ERROR;
				CLANG_WARN_DOCUMENTATION_COMMENTS = YES;
				CLANG_WARN_EMPTY_BODY = YES;
				CLANG_WARN_ENUM_CONVERSION = YES;
				CLANG_WARN_INFINITE_RECURSION = YES;
				CLANG_WARN_INT_CONVERSION = YES;
				CLANG_WARN_NON_LITERAL_NULL_CONVERSION = YES;
				CLANG_WARN_OBJC_IMPLICIT_RETAIN_SELF = YES;
				CLANG_WARN_OBJC_LITERAL_CONVERSION = YES;
				CLANG_WARN_OBJC_ROOT_CLASS = YES_ERROR;
				CLANG_WARN_QUOTED_INCLUDE_IN_FRAMEWORK_HEADER = YES;
				CLANG_WARN_RANGE_LOOP_ANALYSIS = YES;
				CLANG_WARN_STRICT_PROTOTYPES = YES;
				CLANG_WARN_SUSPICIOUS_MOVE = YES;
				CLANG_WARN_UNGUARDED_AVAILABILITY = YES_AGGRESSIVE;
				CLANG_WARN_UNREACHABLE_CODE = YES;
				CLANG_WARN__DUPLICATE_METHOD_MATCH = YES;
				COPY_PHASE_STRIP = NO;
				DEBUG_INFORMATION_FORMAT = "dwarf-with-dsym";
				ENABLE_NS_ASSERTIONS = NO;
				ENABLE_STRICT_OBJC_MSGSEND = YES;
				GCC_C_LANGUAGE_STANDARD = gnu11;
				GCC_NO_COMMON_BLOCKS = YES;
				GCC_WARN_64_TO_32_BIT_CONVERSION = YES;
				GCC_WARN_ABOUT_RETURN_TYPE = YES_ERROR;
				GCC_WARN_UNDECLARED_SELECTOR = YES;
				GCC_WARN_UNINITIALIZED_AUTOS = YES_AGGRESSIVE;
				GCC_WARN_UNUSED_FUNCTION = YES;
				GCC_WARN_UNUSED_VARIABLE = YES;
				IPHONEOS_DEPLOYMENT_TARGET = 16.1;
				MTL_ENABLE_DEBUG_INFO = NO;
				MTL_FAST_MATH = YES;
				SDKROOT = iphoneos;
				SWIFT_COMPILATION_MODE = wholemodule;
				SWIFT_OPTIMIZATION_LEVEL = "-O";
				VALIDATE_PRODUCT = YES;
			};
			name = Release;
		};
		A047D4D2292BB3090035C67E /* Debug */ = {
			isa = XCBuildConfiguration;
			buildSettings = {
				ASSETCATALOG_COMPILER_APPICON_NAME = AppIcon;
				ASSETCATALOG_COMPILER_GLOBAL_ACCENT_COLOR_NAME = AccentColor;
				CODE_SIGN_STYLE = Automatic;
				CURRENT_PROJECT_VERSION = 1;
				DEVELOPMENT_ASSET_PATHS = "\"Fructus/Preview Content\"";
				DEVELOPMENT_TEAM = TSR9769325;
				ENABLE_PREVIEWS = YES;
				GENERATE_INFOPLIST_FILE = YES;
				INFOPLIST_KEY_UIApplicationSceneManifest_Generation = YES;
				INFOPLIST_KEY_UIApplicationSupportsIndirectInputEvents = YES;
				INFOPLIST_KEY_UILaunchScreen_Generation = YES;
				INFOPLIST_KEY_UISupportedInterfaceOrientations = UIInterfaceOrientationPortrait;
				INFOPLIST_KEY_UISupportedInterfaceOrientations_iPad = "UIInterfaceOrientationLandscapeLeft UIInterfaceOrientationLandscapeRight UIInterfaceOrientationPortrait UIInterfaceOrientationPortraitUpsideDown";
				LD_RUNPATH_SEARCH_PATHS = (
					"$(inherited)",
					"@executable_path/Frameworks",
				);
				MARKETING_VERSION = 1.0;
				PRODUCT_BUNDLE_IDENTIFIER = kz.product.Fructus;
				PRODUCT_NAME = "$(TARGET_NAME)";
				SWIFT_EMIT_LOC_STRINGS = YES;
				SWIFT_VERSION = 5.0;
				TARGETED_DEVICE_FAMILY = "1,2";
			};
			name = Debug;
		};
		A047D4D3292BB3090035C67E /* Release */ = {
			isa = XCBuildConfiguration;
			buildSettings = {
				ASSETCATALOG_COMPILER_APPICON_NAME = AppIcon;
				ASSETCATALOG_COMPILER_GLOBAL_ACCENT_COLOR_NAME = AccentColor;
				CODE_SIGN_STYLE = Automatic;
				CURRENT_PROJECT_VERSION = 1;
				DEVELOPMENT_ASSET_PATHS = "\"Fructus/Preview Content\"";
				DEVELOPMENT_TEAM = TSR9769325;
				ENABLE_PREVIEWS = YES;
				GENERATE_INFOPLIST_FILE = YES;
				INFOPLIST_KEY_UIApplicationSceneManifest_Generation = YES;
				INFOPLIST_KEY_UIApplicationSupportsIndirectInputEvents = YES;
				INFOPLIST_KEY_UILaunchScreen_Generation = YES;
				INFOPLIST_KEY_UISupportedInterfaceOrientations = UIInterfaceOrientationPortrait;
				INFOPLIST_KEY_UISupportedInterfaceOrientations_iPad = "UIInterfaceOrientationLandscapeLeft UIInterfaceOrientationLandscapeRight UIInterfaceOrientationPortrait UIInterfaceOrientationPortraitUpsideDown";
				LD_RUNPATH_SEARCH_PATHS = (
					"$(inherited)",
					"@executable_path/Frameworks",
				);
				MARKETING_VERSION = 1.0;
				PRODUCT_BUNDLE_IDENTIFIER = kz.product.Fructus;
				PRODUCT_NAME = "$(TARGET_NAME)";
				SWIFT_EMIT_LOC_STRINGS = YES;
				SWIFT_VERSION = 5.0;
				TARGETED_DEVICE_FAMILY = "1,2";
			};
			name = Release;
		};
/* End XCBuildConfiguration section */

/* Begin XCConfigurationList section */
		A047D4BE292BB3080035C67E /* Build configuration list for PBXProject "Fructus" */ = {
			isa = XCConfigurationList;
			buildConfigurations = (
				A047D4CF292BB3090035C67E /* Debug */,
				A047D4D0292BB3090035C67E /* Release */,
			);
			defaultConfigurationIsVisible = 0;
			defaultConfigurationName = Release;
		};
		A047D4D1292BB3090035C67E /* Build configuration list for PBXNativeTarget "Fructus" */ = {
			isa = XCConfigurationList;
			buildConfigurations = (
				A047D4D2292BB3090035C67E /* Debug */,
				A047D4D3292BB3090035C67E /* Release */,
			);
			defaultConfigurationIsVisible = 0;
			defaultConfigurationName = Release;
		};
/* End XCConfigurationList section */
	};
	rootObject = A047D4BB292BB3080035C67E /* Project object */;
}
